// !$*UTF8*$!
{
	archiveVersion = 1;
	classes = {
	};
	objectVersion = 56;
	objects = {

/* Begin PBXBuildFile section */
		652A0EC02BD88258000982BB /* LabelButtonWeather.swift in Sources */ = {isa = PBXBuildFile; fileRef = 652A0EBF2BD88258000982BB /* LabelButtonWeather.swift */; };
		65A5AE7A2BD63B0B0047680D /* WeatherApp_SwiftUIApp.swift in Sources */ = {isa = PBXBuildFile; fileRef = 65A5AE792BD63B0B0047680D /* WeatherApp_SwiftUIApp.swift */; };
		65A5AE7C2BD63B0B0047680D /* ContentView.swift in Sources */ = {isa = PBXBuildFile; fileRef = 65A5AE7B2BD63B0B0047680D /* ContentView.swift */; };
		65A5AE7E2BD63B0D0047680D /* Assets.xcassets in Resources */ = {isa = PBXBuildFile; fileRef = 65A5AE7D2BD63B0D0047680D /* Assets.xcassets */; };
		65A5AE812BD63B0D0047680D /* Preview Assets.xcassets in Resources */ = {isa = PBXBuildFile; fileRef = 65A5AE802BD63B0D0047680D /* Preview Assets.xcassets */; };
		65A5AE8B2BD63B0D0047680D /* WeatherApp_SwiftUITests.swift in Sources */ = {isa = PBXBuildFile; fileRef = 65A5AE8A2BD63B0D0047680D /* WeatherApp_SwiftUITests.swift */; };
		65A5AE952BD63B0D0047680D /* WeatherApp_SwiftUIUITests.swift in Sources */ = {isa = PBXBuildFile; fileRef = 65A5AE942BD63B0D0047680D /* WeatherApp_SwiftUIUITests.swift */; };
		65A5AE972BD63B0D0047680D /* WeatherApp_SwiftUIUITestsLaunchTests.swift in Sources */ = {isa = PBXBuildFile; fileRef = 65A5AE962BD63B0D0047680D /* WeatherApp_SwiftUIUITestsLaunchTests.swift */; };
/* End PBXBuildFile section */

/* Begin PBXContainerItemProxy section */
		65A5AE872BD63B0D0047680D /* PBXContainerItemProxy */ = {
			isa = PBXContainerItemProxy;
			containerPortal = 65A5AE6E2BD63B0B0047680D /* Project object */;
			proxyType = 1;
			remoteGlobalIDString = 65A5AE752BD63B0B0047680D;
			remoteInfo = "WeatherApp-SwiftUI";
		};
		65A5AE912BD63B0D0047680D /* PBXContainerItemProxy */ = {
			isa = PBXContainerItemProxy;
			containerPortal = 65A5AE6E2BD63B0B0047680D /* Project object */;
			proxyType = 1;
			remoteGlobalIDString = 65A5AE752BD63B0B0047680D;
			remoteInfo = "WeatherApp-SwiftUI";
		};
/* End PBXContainerItemProxy section */

/* Begin PBXFileReference section */
		652A0EBF2BD88258000982BB /* LabelButtonWeather.swift */ = {isa = PBXFileReference; lastKnownFileType = sourcecode.swift; path = LabelButtonWeather.swift; sourceTree = "<group>"; };
		65863E5D2C04724D00754726 /* README.md */ = {isa = PBXFileReference; lastKnownFileType = net.daringfireball.markdown; path = README.md; sourceTree = "<group>"; };
		65A5AE762BD63B0B0047680D /* WeatherApp-SwiftUI.app */ = {isa = PBXFileReference; explicitFileType = wrapper.application; includeInIndex = 0; path = "WeatherApp-SwiftUI.app"; sourceTree = BUILT_PRODUCTS_DIR; };
		65A5AE792BD63B0B0047680D /* WeatherApp_SwiftUIApp.swift */ = {isa = PBXFileReference; lastKnownFileType = sourcecode.swift; path = WeatherApp_SwiftUIApp.swift; sourceTree = "<group>"; };
		65A5AE7B2BD63B0B0047680D /* ContentView.swift */ = {isa = PBXFileReference; lastKnownFileType = sourcecode.swift; path = ContentView.swift; sourceTree = "<group>"; };
		65A5AE7D2BD63B0D0047680D /* Assets.xcassets */ = {isa = PBXFileReference; lastKnownFileType = folder.assetcatalog; path = Assets.xcassets; sourceTree = "<group>"; };
		65A5AE802BD63B0D0047680D /* Preview Assets.xcassets */ = {isa = PBXFileReference; lastKnownFileType = folder.assetcatalog; path = "Preview Assets.xcassets"; sourceTree = "<group>"; };
		65A5AE862BD63B0D0047680D /* WeatherApp-SwiftUITests.xctest */ = {isa = PBXFileReference; explicitFileType = wrapper.cfbundle; includeInIndex = 0; path = "WeatherApp-SwiftUITests.xctest"; sourceTree = BUILT_PRODUCTS_DIR; };
		65A5AE8A2BD63B0D0047680D /* WeatherApp_SwiftUITests.swift */ = {isa = PBXFileReference; lastKnownFileType = sourcecode.swift; path = WeatherApp_SwiftUITests.swift; sourceTree = "<group>"; };
		65A5AE902BD63B0D0047680D /* WeatherApp-SwiftUIUITests.xctest */ = {isa = PBXFileReference; explicitFileType = wrapper.cfbundle; includeInIndex = 0; path = "WeatherApp-SwiftUIUITests.xctest"; sourceTree = BUILT_PRODUCTS_DIR; };
		65A5AE942BD63B0D0047680D /* WeatherApp_SwiftUIUITests.swift */ = {isa = PBXFileReference; lastKnownFileType = sourcecode.swift; path = WeatherApp_SwiftUIUITests.swift; sourceTree = "<group>"; };
		65A5AE962BD63B0D0047680D /* WeatherApp_SwiftUIUITestsLaunchTests.swift */ = {isa = PBXFileReference; lastKnownFileType = sourcecode.swift; path = WeatherApp_SwiftUIUITestsLaunchTests.swift; sourceTree = "<group>"; };
/* End PBXFileReference section */

/* Begin PBXFrameworksBuildPhase section */
		65A5AE732BD63B0B0047680D /* Frameworks */ = {
			isa = PBXFrameworksBuildPhase;
			buildActionMask = 2147483647;
			files = (
			);
			runOnlyForDeploymentPostprocessing = 0;
		};
		65A5AE832BD63B0D0047680D /* Frameworks */ = {
			isa = PBXFrameworksBuildPhase;
			buildActionMask = 2147483647;
			files = (
			);
			runOnlyForDeploymentPostprocessing = 0;
		};
		65A5AE8D2BD63B0D0047680D /* Frameworks */ = {
			isa = PBXFrameworksBuildPhase;
			buildActionMask = 2147483647;
			files = (
			);
			runOnlyForDeploymentPostprocessing = 0;
		};
/* End PBXFrameworksBuildPhase section */

/* Begin PBXGroup section */
		65A5AE6D2BD63B0B0047680D = {
			isa = PBXGroup;
			children = (
				65863E5D2C04724D00754726 /* README.md */,
				65A5AE782BD63B0B0047680D /* WeatherApp-SwiftUI */,
				65A5AE892BD63B0D0047680D /* WeatherApp-SwiftUITests */,
				65A5AE932BD63B0D0047680D /* WeatherApp-SwiftUIUITests */,
				65A5AE772BD63B0B0047680D /* Products */,
			);
			sourceTree = "<group>";
		};
		65A5AE772BD63B0B0047680D /* Products */ = {
			isa = PBXGroup;
			children = (
				65A5AE762BD63B0B0047680D /* WeatherApp-SwiftUI.app */,
				65A5AE862BD63B0D0047680D /* WeatherApp-SwiftUITests.xctest */,
				65A5AE902BD63B0D0047680D /* WeatherApp-SwiftUIUITests.xctest */,
			);
			name = Products;
			sourceTree = "<group>";
		};
		65A5AE782BD63B0B0047680D /* WeatherApp-SwiftUI */ = {
			isa = PBXGroup;
			children = (
				65A5AE792BD63B0B0047680D /* WeatherApp_SwiftUIApp.swift */,
				65A5AE7B2BD63B0B0047680D /* ContentView.swift */,
				65A5AE7D2BD63B0D0047680D /* Assets.xcassets */,
				65A5AE7F2BD63B0D0047680D /* Preview Content */,
				652A0EBF2BD88258000982BB /* LabelButtonWeather.swift */,
			);
			path = "WeatherApp-SwiftUI";
			sourceTree = "<group>";
		};
		65A5AE7F2BD63B0D0047680D /* Preview Content */ = {
			isa = PBXGroup;
			children = (
				65A5AE802BD63B0D0047680D /* Preview Assets.xcassets */,
			);
			path = "Preview Content";
			sourceTree = "<group>";
		};
		65A5AE892BD63B0D0047680D /* WeatherApp-SwiftUITests */ = {
			isa = PBXGroup;
			children = (
				65A5AE8A2BD63B0D0047680D /* WeatherApp_SwiftUITests.swift */,
			);
			path = "WeatherApp-SwiftUITests";
			sourceTree = "<group>";
		};
		65A5AE932BD63B0D0047680D /* WeatherApp-SwiftUIUITests */ = {
			isa = PBXGroup;
			children = (
				65A5AE942BD63B0D0047680D /* WeatherApp_SwiftUIUITests.swift */,
				65A5AE962BD63B0D0047680D /* WeatherApp_SwiftUIUITestsLaunchTests.swift */,
			);
			path = "WeatherApp-SwiftUIUITests";
			sourceTree = "<group>";
		};
/* End PBXGroup section */

/* Begin PBXNativeTarget section */
		65A5AE752BD63B0B0047680D /* WeatherApp-SwiftUI */ = {
			isa = PBXNativeTarget;
			buildConfigurationList = 65A5AE9A2BD63B0D0047680D /* Build configuration list for PBXNativeTarget "WeatherApp-SwiftUI" */;
			buildPhases = (
				65A5AE722BD63B0B0047680D /* Sources */,
				65A5AE732BD63B0B0047680D /* Frameworks */,
				65A5AE742BD63B0B0047680D /* Resources */,
			);
			buildRules = (
			);
			dependencies = (
			);
			name = "WeatherApp-SwiftUI";
			productName = "WeatherApp-SwiftUI";
			productReference = 65A5AE762BD63B0B0047680D /* WeatherApp-SwiftUI.app */;
			productType = "com.apple.product-type.application";
		};
		65A5AE852BD63B0D0047680D /* WeatherApp-SwiftUITests */ = {
			isa = PBXNativeTarget;
			buildConfigurationList = 65A5AE9D2BD63B0D0047680D /* Build configuration list for PBXNativeTarget "WeatherApp-SwiftUITests" */;
			buildPhases = (
				65A5AE822BD63B0D0047680D /* Sources */,
				65A5AE832BD63B0D0047680D /* Frameworks */,
				65A5AE842BD63B0D0047680D /* Resources */,
			);
			buildRules = (
			);
			dependencies = (
				65A5AE882BD63B0D0047680D /* PBXTargetDependency */,
			);
			name = "WeatherApp-SwiftUITests";
			productName = "WeatherApp-SwiftUITests";
			productReference = 65A5AE862BD63B0D0047680D /* WeatherApp-SwiftUITests.xctest */;
			productType = "com.apple.product-type.bundle.unit-test";
		};
		65A5AE8F2BD63B0D0047680D /* WeatherApp-SwiftUIUITests */ = {
			isa = PBXNativeTarget;
			buildConfigurationList = 65A5AEA02BD63B0D0047680D /* Build configuration list for PBXNativeTarget "WeatherApp-SwiftUIUITests" */;
			buildPhases = (
				65A5AE8C2BD63B0D0047680D /* Sources */,
				65A5AE8D2BD63B0D0047680D /* Frameworks */,
				65A5AE8E2BD63B0D0047680D /* Resources */,
			);
			buildRules = (
			);
			dependencies = (
				65A5AE922BD63B0D0047680D /* PBXTargetDependency */,
			);
			name = "WeatherApp-SwiftUIUITests";
			productName = "WeatherApp-SwiftUIUITests";
			productReference = 65A5AE902BD63B0D0047680D /* WeatherApp-SwiftUIUITests.xctest */;
			productType = "com.apple.product-type.bundle.ui-testing";
		};
/* End PBXNativeTarget section */

/* Begin PBXProject section */
		65A5AE6E2BD63B0B0047680D /* Project object */ = {
			isa = PBXProject;
			attributes = {
				BuildIndependentTargetsInParallel = 1;
				LastSwiftUpdateCheck = 1530;
				LastUpgradeCheck = 1530;
				TargetAttributes = {
					65A5AE752BD63B0B0047680D = {
						CreatedOnToolsVersion = 15.3;
					};
					65A5AE852BD63B0D0047680D = {
						CreatedOnToolsVersion = 15.3;
						TestTargetID = 65A5AE752BD63B0B0047680D;
					};
					65A5AE8F2BD63B0D0047680D = {
						CreatedOnToolsVersion = 15.3;
						TestTargetID = 65A5AE752BD63B0B0047680D;
					};
				};
			};
			buildConfigurationList = 65A5AE712BD63B0B0047680D /* Build configuration list for PBXProject "WeatherApp-SwiftUI" */;
			compatibilityVersion = "Xcode 14.0";
			developmentRegion = en;
			hasScannedForEncodings = 0;
			knownRegions = (
				en,
				Base,
			);
			mainGroup = 65A5AE6D2BD63B0B0047680D;
			productRefGroup = 65A5AE772BD63B0B0047680D /* Products */;
			projectDirPath = "";
			projectRoot = "";
			targets = (
				65A5AE752BD63B0B0047680D /* WeatherApp-SwiftUI */,
				65A5AE852BD63B0D0047680D /* WeatherApp-SwiftUITests */,
				65A5AE8F2BD63B0D0047680D /* WeatherApp-SwiftUIUITests */,
			);
		};
/* End PBXProject section */

/* Begin PBXResourcesBuildPhase section */
		65A5AE742BD63B0B0047680D /* Resources */ = {
			isa = PBXResourcesBuildPhase;
			buildActionMask = 2147483647;
			files = (
				65A5AE812BD63B0D0047680D /* Preview Assets.xcassets in Resources */,
				65A5AE7E2BD63B0D0047680D /* Assets.xcassets in Resources */,
			);
			runOnlyForDeploymentPostprocessing = 0;
		};
		65A5AE842BD63B0D0047680D /* Resources */ = {
			isa = PBXResourcesBuildPhase;
			buildActionMask = 2147483647;
			files = (
			);
			runOnlyForDeploymentPostprocessing = 0;
		};
		65A5AE8E2BD63B0D0047680D /* Resources */ = {
			isa = PBXResourcesBuildPhase;
			buildActionMask = 2147483647;
			files = (
			);
			runOnlyForDeploymentPostprocessing = 0;
		};
/* End PBXResourcesBuildPhase section */

/* Begin PBXSourcesBuildPhase section */
		65A5AE722BD63B0B0047680D /* Sources */ = {
			isa = PBXSourcesBuildPhase;
			buildActionMask = 2147483647;
			files = (
				652A0EC02BD88258000982BB /* LabelButtonWeather.swift in Sources */,
				65A5AE7C2BD63B0B0047680D /* ContentView.swift in Sources */,
				65A5AE7A2BD63B0B0047680D /* WeatherApp_SwiftUIApp.swift in Sources */,
			);
			runOnlyForDeploymentPostprocessing = 0;
		};
		65A5AE822BD63B0D0047680D /* Sources */ = {
			isa = PBXSourcesBuildPhase;
			buildActionMask = 2147483647;
			files = (
				65A5AE8B2BD63B0D0047680D /* WeatherApp_SwiftUITests.swift in Sources */,
			);
			runOnlyForDeploymentPostprocessing = 0;
		};
		65A5AE8C2BD63B0D0047680D /* Sources */ = {
			isa = PBXSourcesBuildPhase;
			buildActionMask = 2147483647;
			files = (
				65A5AE952BD63B0D0047680D /* WeatherApp_SwiftUIUITests.swift in Sources */,
				65A5AE972BD63B0D0047680D /* WeatherApp_SwiftUIUITestsLaunchTests.swift in Sources */,
			);
			runOnlyForDeploymentPostprocessing = 0;
		};
/* End PBXSourcesBuildPhase section */

/* Begin PBXTargetDependency section */
		65A5AE882BD63B0D0047680D /* PBXTargetDependency */ = {
			isa = PBXTargetDependency;
			target = 65A5AE752BD63B0B0047680D /* WeatherApp-SwiftUI */;
			targetProxy = 65A5AE872BD63B0D0047680D /* PBXContainerItemProxy */;
		};
		65A5AE922BD63B0D0047680D /* PBXTargetDependency */ = {
			isa = PBXTargetDependency;
			target = 65A5AE752BD63B0B0047680D /* WeatherApp-SwiftUI */;
			targetProxy = 65A5AE912BD63B0D0047680D /* PBXContainerItemProxy */;
		};
/* End PBXTargetDependency section */

/* Begin XCBuildConfiguration section */
		65A5AE982BD63B0D0047680D /* Debug */ = {
			isa = XCBuildConfiguration;
			buildSettings = {
				ALWAYS_SEARCH_USER_PATHS = NO;
				ASSETCATALOG_COMPILER_GENERATE_SWIFT_ASSET_SYMBOL_EXTENSIONS = YES;
				CLANG_ANALYZER_NONNULL = YES;
				CLANG_ANALYZER_NUMBER_OBJECT_CONVERSION = YES_AGGRESSIVE;
				CLANG_CXX_LANGUAGE_STANDARD = "gnu++20";
				CLANG_ENABLE_MODULES = YES;
				CLANG_ENABLE_OBJC_ARC = YES;
				CLANG_ENABLE_OBJC_WEAK = YES;
				CLANG_WARN_BLOCK_CAPTURE_AUTORELEASING = YES;
				CLANG_WARN_BOOL_CONVERSION = YES;
				CLANG_WARN_COMMA = YES;
				CLANG_WARN_CONSTANT_CONVERSION = YES;
				CLANG_WARN_DEPRECATED_OBJC_IMPLEMENTATIONS = YES;
				CLANG_WARN_DIRECT_OBJC_ISA_USAGE = YES_ERROR;
				CLANG_WARN_DOCUMENTATION_COMMENTS = YES;
				CLANG_WARN_EMPTY_BODY = YES;
				CLANG_WARN_ENUM_CONVERSION = YES;
				CLANG_WARN_INFINITE_RECURSION = YES;
				CLANG_WARN_INT_CONVERSION = YES;
				CLANG_WARN_NON_LITERAL_NULL_CONVERSION = YES;
				CLANG_WARN_OBJC_IMPLICIT_RETAIN_SELF = YES;
				CLANG_WARN_OBJC_LITERAL_CONVERSION = YES;
				CLANG_WARN_OBJC_ROOT_CLASS = YES_ERROR;
				CLANG_WARN_QUOTED_INCLUDE_IN_FRAMEWORK_HEADER = YES;
				CLANG_WARN_RANGE_LOOP_ANALYSIS = YES;
				CLANG_WARN_STRICT_PROTOTYPES = YES;
				CLANG_WARN_SUSPICIOUS_MOVE = YES;
				CLANG_WARN_UNGUARDED_AVAILABILITY = YES_AGGRESSIVE;
				CLANG_WARN_UNREACHABLE_CODE = YES;
				CLANG_WARN__DUPLICATE_METHOD_MATCH = YES;
				COPY_PHASE_STRIP = NO;
				DEBUG_INFORMATION_FORMAT = dwarf;
				ENABLE_STRICT_OBJC_MSGSEND = YES;
				ENABLE_TESTABILITY = YES;
				ENABLE_USER_SCRIPT_SANDBOXING = YES;
				GCC_C_LANGUAGE_STANDARD = gnu17;
				GCC_DYNAMIC_NO_PIC = NO;
				GCC_NO_COMMON_BLOCKS = YES;
				GCC_OPTIMIZATION_LEVEL = 0;
				GCC_PREPROCESSOR_DEFINITIONS = (
					"DEBUG=1",
					"$(inherited)",
				);
				GCC_WARN_64_TO_32_BIT_CONVERSION = YES;
				GCC_WARN_ABOUT_RETURN_TYPE = YES_ERROR;
				GCC_WARN_UNDECLARED_SELECTOR = YES;
				GCC_WARN_UNINITIALIZED_AUTOS = YES_AGGRESSIVE;
				GCC_WARN_UNUSED_FUNCTION = YES;
				GCC_WARN_UNUSED_VARIABLE = YES;
				IPHONEOS_DEPLOYMENT_TARGET = 17.4;
				LOCALIZATION_PREFERS_STRING_CATALOGS = YES;
				MTL_ENABLE_DEBUG_INFO = INCLUDE_SOURCE;
				MTL_FAST_MATH = YES;
				ONLY_ACTIVE_ARCH = YES;
				SDKROOT = iphoneos;
				SWIFT_ACTIVE_COMPILATION_CONDITIONS = "DEBUG $(inherited)";
				SWIFT_OPTIMIZATION_LEVEL = "-Onone";
			};
			name = Debug;
		};
		65A5AE992BD63B0D0047680D /* Release */ = {
			isa = XCBuildConfiguration;
			buildSettings = {
				ALWAYS_SEARCH_USER_PATHS = NO;
				ASSETCATALOG_COMPILER_GENERATE_SWIFT_ASSET_SYMBOL_EXTENSIONS = YES;
				CLANG_ANALYZER_NONNULL = YES;
				CLANG_ANALYZER_NUMBER_OBJECT_CONVERSION = YES_AGGRESSIVE;
				CLANG_CXX_LANGUAGE_STANDARD = "gnu++20";
				CLANG_ENABLE_MODULES = YES;
				CLANG_ENABLE_OBJC_ARC = YES;
				CLANG_ENABLE_OBJC_WEAK = YES;
				CLANG_WARN_BLOCK_CAPTURE_AUTORELEASING = YES;
				CLANG_WARN_BOOL_CONVERSION = YES;
				CLANG_WARN_COMMA = YES;
				CLANG_WARN_CONSTANT_CONVERSION = YES;
				CLANG_WARN_DEPRECATED_OBJC_IMPLEMENTATIONS = YES;
				CLANG_WARN_DIRECT_OBJC_ISA_USAGE = YES_ERROR;
				CLANG_WARN_DOCUMENTATION_COMMENTS = YES;
				CLANG_WARN_EMPTY_BODY = YES;
				CLANG_WARN_ENUM_CONVERSION = YES;
				CLANG_WARN_INFINITE_RECURSION = YES;
				CLANG_WARN_INT_CONVERSION = YES;
				CLANG_WARN_NON_LITERAL_NULL_CONVERSION = YES;
				CLANG_WARN_OBJC_IMPLICIT_RETAIN_SELF = YES;
				CLANG_WARN_OBJC_LITERAL_CONVERSION = YES;
				CLANG_WARN_OBJC_ROOT_CLASS = YES_ERROR;
				CLANG_WARN_QUOTED_INCLUDE_IN_FRAMEWORK_HEADER = YES;
				CLANG_WARN_RANGE_LOOP_ANALYSIS = YES;
				CLANG_WARN_STRICT_PROTOTYPES = YES;
				CLANG_WARN_SUSPICIOUS_MOVE = YES;
				CLANG_WARN_UNGUARDED_AVAILABILITY = YES_AGGRESSIVE;
				CLANG_WARN_UNREACHABLE_CODE = YES;
				CLANG_WARN__DUPLICATE_METHOD_MATCH = YES;
				COPY_PHASE_STRIP = NO;
				DEBUG_INFORMATION_FORMAT = "dwarf-with-dsym";
				ENABLE_NS_ASSERTIONS = NO;
				ENABLE_STRICT_OBJC_MSGSEND = YES;
				ENABLE_USER_SCRIPT_SANDBOXING = YES;
				GCC_C_LANGUAGE_STANDARD = gnu17;
				GCC_NO_COMMON_BLOCKS = YES;
				GCC_WARN_64_TO_32_BIT_CONVERSION = YES;
				GCC_WARN_ABOUT_RETURN_TYPE = YES_ERROR;
				GCC_WARN_UNDECLARED_SELECTOR = YES;
				GCC_WARN_UNINITIALIZED_AUTOS = YES_AGGRESSIVE;
				GCC_WARN_UNUSED_FUNCTION = YES;
				GCC_WARN_UNUSED_VARIABLE = YES;
				IPHONEOS_DEPLOYMENT_TARGET = 17.4;
				LOCALIZATION_PREFERS_STRING_CATALOGS = YES;
				MTL_ENABLE_DEBUG_INFO = NO;
				MTL_FAST_MATH = YES;
				SDKROOT = iphoneos;
				SWIFT_COMPILATION_MODE = wholemodule;
				VALIDATE_PRODUCT = YES;
			};
			name = Release;
		};
		65A5AE9B2BD63B0D0047680D /* Debug */ = {
			isa = XCBuildConfiguration;
			buildSettings = {
				ASSETCATALOG_COMPILER_APPICON_NAME = AppIcon;
				ASSETCATALOG_COMPILER_GLOBAL_ACCENT_COLOR_NAME = AccentColor;
				CODE_SIGN_STYLE = Automatic;
				CURRENT_PROJECT_VERSION = 1;
				DEVELOPMENT_ASSET_PATHS = "\"WeatherApp-SwiftUI/Preview Content\"";
				DEVELOPMENT_TEAM = RVN28P56HP;
				ENABLE_PREVIEWS = YES;
				GENERATE_INFOPLIST_FILE = YES;
				INFOPLIST_KEY_UIApplicationSceneManifest_Generation = YES;
				INFOPLIST_KEY_UIApplicationSupportsIndirectInputEvents = YES;
				INFOPLIST_KEY_UILaunchScreen_Generation = YES;
				INFOPLIST_KEY_UISupportedInterfaceOrientations_iPad = "UIInterfaceOrientationPortrait UIInterfaceOrientationPortraitUpsideDown UIInterfaceOrientationLandscapeLeft UIInterfaceOrientationLandscapeRight";
				INFOPLIST_KEY_UISupportedInterfaceOrientations_iPhone = "UIInterfaceOrientationPortrait UIInterfaceOrientationLandscapeLeft UIInterfaceOrientationLandscapeRight";
				LD_RUNPATH_SEARCH_PATHS = (
					"$(inherited)",
					"@executable_path/Frameworks",
				);
				MARKETING_VERSION = 1.0;
				PRODUCT_BUNDLE_IDENTIFIER = "com.akbarekaputra01.weatherapp.WeatherApp-SwiftUI";
				PRODUCT_NAME = "$(TARGET_NAME)";
				SWIFT_EMIT_LOC_STRINGS = YES;
				SWIFT_VERSION = 5.0;
				TARGETED_DEVICE_FAMILY = "1,2";
			};
			name = Debug;
		};
		65A5AE9C2BD63B0D0047680D /* Release */ = {
			isa = XCBuildConfiguration;
			buildSettings = {
				ASSETCATALOG_COMPILER_APPICON_NAME = AppIcon;
				ASSETCATALOG_COMPILER_GLOBAL_ACCENT_COLOR_NAME = AccentColor;
				CODE_SIGN_STYLE = Automatic;
				CURRENT_PROJECT_VERSION = 1;
				DEVELOPMENT_ASSET_PATHS = "\"WeatherApp-SwiftUI/Preview Content\"";
				DEVELOPMENT_TEAM = RVN28P56HP;
				ENABLE_PREVIEWS = YES;
				GENERATE_INFOPLIST_FILE = YES;
				INFOPLIST_KEY_UIApplicationSceneManifest_Generation = YES;
				INFOPLIST_KEY_UIApplicationSupportsIndirectInputEvents = YES;
				INFOPLIST_KEY_UILaunchScreen_Generation = YES;
				INFOPLIST_KEY_UISupportedInterfaceOrientations_iPad = "UIInterfaceOrientationPortrait UIInterfaceOrientationPortraitUpsideDown UIInterfaceOrientationLandscapeLeft UIInterfaceOrientationLandscapeRight";
				INFOPLIST_KEY_UISupportedInterfaceOrientations_iPhone = "UIInterfaceOrientationPortrait UIInterfaceOrientationLandscapeLeft UIInterfaceOrientationLandscapeRight";
				LD_RUNPATH_SEARCH_PATHS = (
					"$(inherited)",
					"@executable_path/Frameworks",
				);
				MARKETING_VERSION = 1.0;
				PRODUCT_BUNDLE_IDENTIFIER = "com.akbarekaputra01.weatherapp.WeatherApp-SwiftUI";
				PRODUCT_NAME = "$(TARGET_NAME)";
				SWIFT_EMIT_LOC_STRINGS = YES;
				SWIFT_VERSION = 5.0;
				TARGETED_DEVICE_FAMILY = "1,2";
			};
			name = Release;
		};
		65A5AE9E2BD63B0D0047680D /* Debug */ = {
			isa = XCBuildConfiguration;
			buildSettings = {
				ALWAYS_EMBED_SWIFT_STANDARD_LIBRARIES = YES;
				BUNDLE_LOADER = "$(TEST_HOST)";
				CODE_SIGN_STYLE = Automatic;
				CURRENT_PROJECT_VERSION = 1;
				DEVELOPMENT_TEAM = RVN28P56HP;
				GENERATE_INFOPLIST_FILE = YES;
				IPHONEOS_DEPLOYMENT_TARGET = 17.4;
				MARKETING_VERSION = 1.0;
				PRODUCT_BUNDLE_IDENTIFIER = "com.akbarekaputra01.weatherapp.WeatherApp-SwiftUITests";
				PRODUCT_NAME = "$(TARGET_NAME)";
				SWIFT_EMIT_LOC_STRINGS = NO;
				SWIFT_VERSION = 5.0;
				TARGETED_DEVICE_FAMILY = "1,2";
				TEST_HOST = "$(BUILT_PRODUCTS_DIR)/WeatherApp-SwiftUI.app/$(BUNDLE_EXECUTABLE_FOLDER_PATH)/WeatherApp-SwiftUI";
			};
			name = Debug;
		};
		65A5AE9F2BD63B0D0047680D /* Release */ = {
			isa = XCBuildConfiguration;
			buildSettings = {
				ALWAYS_EMBED_SWIFT_STANDARD_LIBRARIES = YES;
				BUNDLE_LOADER = "$(TEST_HOST)";
				CODE_SIGN_STYLE = Automatic;
				CURRENT_PROJECT_VERSION = 1;
				DEVELOPMENT_TEAM = RVN28P56HP;
				GENERATE_INFOPLIST_FILE = YES;
				IPHONEOS_DEPLOYMENT_TARGET = 17.4;
				MARKETING_VERSION = 1.0;
				PRODUCT_BUNDLE_IDENTIFIER = "com.akbarekaputra01.weatherapp.WeatherApp-SwiftUITests";
				PRODUCT_NAME = "$(TARGET_NAME)";
				SWIFT_EMIT_LOC_STRINGS = NO;
				SWIFT_VERSION = 5.0;
				TARGETED_DEVICE_FAMILY = "1,2";
				TEST_HOST = "$(BUILT_PRODUCTS_DIR)/WeatherApp-SwiftUI.app/$(BUNDLE_EXECUTABLE_FOLDER_PATH)/WeatherApp-SwiftUI";
			};
			name = Release;
		};
		65A5AEA12BD63B0D0047680D /* Debug */ = {
			isa = XCBuildConfiguration;
			buildSettings = {
				ALWAYS_EMBED_SWIFT_STANDARD_LIBRARIES = YES;
				CODE_SIGN_STYLE = Automatic;
				CURRENT_PROJECT_VERSION = 1;
				DEVELOPMENT_TEAM = RVN28P56HP;
				GENERATE_INFOPLIST_FILE = YES;
				MARKETING_VERSION = 1.0;
				PRODUCT_BUNDLE_IDENTIFIER = "com.akbarekaputra01.weatherapp.WeatherApp-SwiftUIUITests";
				PRODUCT_NAME = "$(TARGET_NAME)";
				SWIFT_EMIT_LOC_STRINGS = NO;
				SWIFT_VERSION = 5.0;
				TARGETED_DEVICE_FAMILY = "1,2";
				TEST_TARGET_NAME = "WeatherApp-SwiftUI";
			};
			name = Debug;
		};
		65A5AEA22BD63B0D0047680D /* Release */ = {
			isa = XCBuildConfiguration;
			buildSettings = {
				ALWAYS_EMBED_SWIFT_STANDARD_LIBRARIES = YES;
				CODE_SIGN_STYLE = Automatic;
				CURRENT_PROJECT_VERSION = 1;
				DEVELOPMENT_TEAM = RVN28P56HP;
				GENERATE_INFOPLIST_FILE = YES;
				MARKETING_VERSION = 1.0;
				PRODUCT_BUNDLE_IDENTIFIER = "com.akbarekaputra01.weatherapp.WeatherApp-SwiftUIUITests";
				PRODUCT_NAME = "$(TARGET_NAME)";
				SWIFT_EMIT_LOC_STRINGS = NO;
				SWIFT_VERSION = 5.0;
				TARGETED_DEVICE_FAMILY = "1,2";
				TEST_TARGET_NAME = "WeatherApp-SwiftUI";
			};
			name = Release;
		};
/* End XCBuildConfiguration section */

/* Begin XCConfigurationList section */
		65A5AE712BD63B0B0047680D /* Build configuration list for PBXProject "WeatherApp-SwiftUI" */ = {
			isa = XCConfigurationList;
			buildConfigurations = (
				65A5AE982BD63B0D0047680D /* Debug */,
				65A5AE992BD63B0D0047680D /* Release */,
			);
			defaultConfigurationIsVisible = 0;
			defaultConfigurationName = Release;
		};
		65A5AE9A2BD63B0D0047680D /* Build configuration list for PBXNativeTarget "WeatherApp-SwiftUI" */ = {
			isa = XCConfigurationList;
			buildConfigurations = (
				65A5AE9B2BD63B0D0047680D /* Debug */,
				65A5AE9C2BD63B0D0047680D /* Release */,
			);
			defaultConfigurationIsVisible = 0;
			defaultConfigurationName = Release;
		};
		65A5AE9D2BD63B0D0047680D /* Build configuration list for PBXNativeTarget "WeatherApp-SwiftUITests" */ = {
			isa = XCConfigurationList;
			buildConfigurations = (
				65A5AE9E2BD63B0D0047680D /* Debug */,
				65A5AE9F2BD63B0D0047680D /* Release */,
			);
			defaultConfigurationIsVisible = 0;
			defaultConfigurationName = Release;
		};
		65A5AEA02BD63B0D0047680D /* Build configuration list for PBXNativeTarget "WeatherApp-SwiftUIUITests" */ = {
			isa = XCConfigurationList;
			buildConfigurations = (
				65A5AEA12BD63B0D0047680D /* Debug */,
				65A5AEA22BD63B0D0047680D /* Release */,
			);
			defaultConfigurationIsVisible = 0;
			defaultConfigurationName = Release;
		};
/* End XCConfigurationList section */
	};
	rootObject = 65A5AE6E2BD63B0B0047680D /* Project object */;
}
